# This file is automatically @generated by Cargo.
# It is not intended for manual editing.
version = 3

[[package]]
name = "aes"
version = "0.8.3"
source = "registry+https://github.com/rust-lang/crates.io-index"
checksum = "ac1f845298e95f983ff1944b728ae08b8cebab80d684f0a832ed0fc74dfa27e2"
dependencies = [
 "cfg-if",
 "cipher",
 "cpufeatures",
]

[[package]]
name = "aho-corasick"
version = "1.1.3"
source = "registry+https://github.com/rust-lang/crates.io-index"
checksum = "8e60d3430d3a69478ad0993f19238d2df97c507009a52b3c10addcd7f6bcb916"
dependencies = [
 "memchr",
]

[[package]]
name = "anyhow"
version = "1.0.79"
source = "registry+https://github.com/rust-lang/crates.io-index"
checksum = "080e9890a082662b09c1ad45f567faeeb47f22b5fb23895fbe1e651e718e25ca"

[[package]]
name = "autocfg"
version = "1.4.0"
source = "registry+https://github.com/rust-lang/crates.io-index"
checksum = "ace50bade8e6234aa140d9a2f552bbee1db4d353f69b8217bc503490fc1a9f26"

[[package]]
name = "base64"
version = "0.13.1"
source = "registry+https://github.com/rust-lang/crates.io-index"
checksum = "9e1b586273c5702936fe7b7d6896644d8be71e6314cfe09d3167c95f712589e8"

[[package]]
name = "base64ct"
version = "1.6.0"
source = "registry+https://github.com/rust-lang/crates.io-index"
checksum = "8c3c1a368f70d6cf7302d78f8f7093da241fb8e8807c05cc9e51a125895a6d5b"

[[package]]
name = "bech32"
version = "0.9.1"
source = "registry+https://github.com/rust-lang/crates.io-index"
checksum = "d86b93f97252c47b41663388e6d155714a9d0c398b99f1005cbc5f978b29f445"

[[package]]
name = "bitcoin"
version = "0.29.2"
source = "registry+https://github.com/rust-lang/crates.io-index"
checksum = "0694ea59225b0c5f3cb405ff3f670e4828358ed26aec49dc352f730f0cb1a8a3"
dependencies = [
 "bech32",
 "bitcoin_hashes",
 "secp256k1",
]

[[package]]
name = "bitcoin_hashes"
version = "0.11.0"
source = "registry+https://github.com/rust-lang/crates.io-index"
checksum = "90064b8dee6815a6470d60bad07bbbaee885c0e12d04177138fa3291a01b7bc4"

[[package]]
name = "bitflags"
version = "2.6.0"
source = "registry+https://github.com/rust-lang/crates.io-index"
checksum = "b048fb63fd8b5923fc5aa7b340d8e156aec7ec02f0c78fa8a6ddc2613f6f71de"

[[package]]
name = "block-padding"
version = "0.3.3"
source = "registry+https://github.com/rust-lang/crates.io-index"
checksum = "a8894febbff9f758034a5b8e12d87918f56dfc64a8e1fe757d65e29041538d93"
dependencies = [
 "generic-array",
]

[[package]]
name = "bumpalo"
version = "3.16.0"
source = "registry+https://github.com/rust-lang/crates.io-index"
checksum = "79296716171880943b8470b5f8d03aa55eb2e645a4874bdbb28adb49162e012c"

[[package]]
name = "byteorder"
version = "1.4.3"
source = "registry+https://github.com/rust-lang/crates.io-index"
checksum = "14c189c53d098945499cdfa7ecc63567cf3886b3332b312a5b4585d8d3a6a610"

[[package]]
name = "bytes"
version = "1.4.0"
source = "registry+https://github.com/rust-lang/crates.io-index"
checksum = "89b2fd2a0dcf38d7971e2194b6b6eebab45ae01067456a7fd93d5547a61b70be"

[[package]]
name = "cbc"
version = "0.1.2"
source = "registry+https://github.com/rust-lang/crates.io-index"
checksum = "26b52a9543ae338f279b96b0b9fed9c8093744685043739079ce85cd58f289a6"
dependencies = [
 "cipher",
]

[[package]]
name = "cc"
version = "1.1.21"
source = "registry+https://github.com/rust-lang/crates.io-index"
checksum = "07b1695e2c7e8fc85310cde85aeaab7e3097f593c91d209d3f9df76c928100f0"
dependencies = [
 "shlex",
]

[[package]]
name = "cfg-if"
version = "1.0.0"
source = "registry+https://github.com/rust-lang/crates.io-index"
checksum = "baf1de4339761588bc0619e3cbc0120ee582ebb74b53b4efbf79117bd2da40fd"

[[package]]
name = "cipher"
version = "0.4.4"
source = "registry+https://github.com/rust-lang/crates.io-index"
checksum = "773f3b9af64447d2ce9850330c473515014aa235e6a783b02db81ff39e4a3dad"
dependencies = [
 "crypto-common",
 "inout",
]

[[package]]
name = "console_error_panic_hook"
version = "0.1.7"
source = "registry+https://github.com/rust-lang/crates.io-index"
checksum = "a06aeb73f470f66dcdbf7223caeebb85984942f22f1adb2a088cf9668146bbbc"
dependencies = [
 "cfg-if",
 "wasm-bindgen",
]

[[package]]
name = "const-oid"
version = "0.9.6"
source = "registry+https://github.com/rust-lang/crates.io-index"
checksum = "c2459377285ad874054d797f3ccebf984978aa39129f6eafde5cdc8315b612f8"

[[package]]
name = "cpufeatures"
version = "0.2.14"
source = "registry+https://github.com/rust-lang/crates.io-index"
checksum = "608697df725056feaccfa42cffdaeeec3fccc4ffc38358ecd19b243e716a78e0"
dependencies = [
 "libc",
]

[[package]]
name = "crypto-common"
version = "0.1.6"
source = "registry+https://github.com/rust-lang/crates.io-index"
checksum = "1bfb12502f3fc46cca1bb51ac28df9d618d813cdc3d2f25b9fe775a34af26bb3"
dependencies = [
 "generic-array",
 "typenum",
]

[[package]]
name = "der"
version = "0.6.1"
source = "registry+https://github.com/rust-lang/crates.io-index"
checksum = "f1a467a65c5e759bce6e65eaf91cc29f466cdc57cb65777bd646872a8a1fd4de"
dependencies = [
 "const-oid",
 "pem-rfc7468",
 "zeroize",
]

[[package]]
name = "digest"
version = "0.10.7"
source = "registry+https://github.com/rust-lang/crates.io-index"
checksum = "9ed9a281f7bc9b7576e61468ba615a66a5c8cfdff42420a70aa82701a3b1e292"
dependencies = [
 "const-oid",
 "crypto-common",
]

[[package]]
name = "fnv"
version = "1.0.7"
source = "registry+https://github.com/rust-lang/crates.io-index"
checksum = "3f9eec918d3f24069decb9af1554cad7c880e2da24a9afd88aca000531ab82c1"

[[package]]
name = "futures"
version = "0.3.31"
source = "registry+https://github.com/rust-lang/crates.io-index"
checksum = "65bc07b1a8bc7c85c5f2e110c476c7389b4554ba72af57d8445ea63a576b0876"
dependencies = [
 "futures-channel",
 "futures-core",
 "futures-executor",
 "futures-io",
 "futures-sink",
 "futures-task",
 "futures-util",
]

[[package]]
name = "futures-channel"
version = "0.3.31"
source = "registry+https://github.com/rust-lang/crates.io-index"
checksum = "2dff15bf788c671c1934e366d07e30c1814a8ef514e1af724a602e8a2fbe1b10"
dependencies = [
 "futures-core",
 "futures-sink",
]

[[package]]
name = "futures-core"
version = "0.3.31"
source = "registry+https://github.com/rust-lang/crates.io-index"
checksum = "05f29059c0c2090612e8d742178b0580d2dc940c837851ad723096f87af6663e"

[[package]]
name = "futures-executor"
version = "0.3.31"
source = "registry+https://github.com/rust-lang/crates.io-index"
checksum = "1e28d1d997f585e54aebc3f97d39e72338912123a67330d723fdbb564d646c9f"
dependencies = [
 "futures-core",
 "futures-task",
 "futures-util",
]

[[package]]
name = "futures-io"
version = "0.3.31"
source = "registry+https://github.com/rust-lang/crates.io-index"
checksum = "9e5c1b78ca4aae1ac06c48a526a655760685149f0d465d21f37abfe57ce075c6"

[[package]]
name = "futures-macro"
version = "0.3.31"
source = "registry+https://github.com/rust-lang/crates.io-index"
checksum = "162ee34ebcb7c64a8abebc059ce0fee27c2262618d7b60ed8faf72fef13c3650"
dependencies = [
 "proc-macro2",
 "quote",
 "syn 2.0.77",
]

[[package]]
name = "futures-sink"
version = "0.3.31"
source = "registry+https://github.com/rust-lang/crates.io-index"
checksum = "e575fab7d1e0dcb8d0c7bcf9a63ee213816ab51902e6d244a95819acacf1d4f7"

[[package]]
name = "futures-task"
version = "0.3.31"
source = "registry+https://github.com/rust-lang/crates.io-index"
checksum = "f90f7dce0722e95104fcb095585910c0977252f286e354b5e3bd38902cd99988"

[[package]]
name = "futures-util"
version = "0.3.31"
source = "registry+https://github.com/rust-lang/crates.io-index"
checksum = "9fa08315bb612088cc391249efdc3bc77536f16c91f6cf495e6fbe85b20a4a81"
dependencies = [
 "futures-channel",
 "futures-core",
 "futures-io",
 "futures-macro",
 "futures-sink",
 "futures-task",
 "memchr",
 "pin-project-lite",
 "pin-utils",
 "slab",
]

[[package]]
name = "generic-array"
version = "0.14.7"
source = "registry+https://github.com/rust-lang/crates.io-index"
checksum = "85649ca51fd72272d7821adaf274ad91c288277713d9c18820d8499a7ff69e9a"
dependencies = [
 "typenum",
 "version_check",
]

[[package]]
name = "getrandom"
version = "0.2.15"
source = "registry+https://github.com/rust-lang/crates.io-index"
checksum = "c4567c8db10ae91089c99af84c68c38da3ec2f087c3f82960bcdbf3656b6f4d7"
dependencies = [
 "cfg-if",
 "js-sys",
 "libc",
 "wasi",
 "wasm-bindgen",
]

[[package]]
name = "hex"
version = "0.4.3"
source = "registry+https://github.com/rust-lang/crates.io-index"
checksum = "7f24254aa9a54b5c858eaee2f5bccdb46aaf0e486a595ed5fd8f86ba55232a70"

[[package]]
name = "ikc"
version = "0.1.0"
dependencies = [
 "getrandom",
 "ikc-common",
 "ikc-device",
 "ikc-webusb",
 "wasm-bindgen",
 "wasm-bindgen-futures",
]

[[package]]
name = "ikc-common"
version = "0.1.0"
dependencies = [
 "aes",
 "anyhow",
 "base64",
 "bitcoin",
 "byteorder",
 "cbc",
 "hex",
 "lazy_static",
 "num-bigint",
 "num-integer",
 "num-traits",
 "parking_lot",
 "regex",
 "secp256k1",
 "thiserror",
]

[[package]]
name = "ikc-device"
version = "0.1.0"
dependencies = [
 "anyhow",
 "base64",
 "futures",
 "hex",
 "ikc-common",
 "ikc-webusb",
 "lazy_static",
 "log",
 "parking_lot",
 "rand",
 "regex",
 "rsa",
 "secp256k1",
 "serde",
 "sha1",
 "thiserror",
 "web-sys",
]

[[package]]
name = "ikc-webusb"
version = "0.1.0"
dependencies = [
 "anyhow",
 "bytes",
 "hex",
 "js-sys",
 "lazy_static",
 "parking_lot",
 "serde-wasm-bindgen",
 "serde_json",
 "wasm-bindgen",
 "wasm-bindgen-futures",
 "wasm-bindgen-test",
 "web-sys",
]

[[package]]
name = "inout"
version = "0.1.3"
source = "registry+https://github.com/rust-lang/crates.io-index"
checksum = "a0c10553d664a4d0bcff9f4215d0aac67a639cc68ef660840afe309b807bc9f5"
dependencies = [
 "block-padding",
 "generic-array",
]

[[package]]
name = "itoa"
version = "1.0.11"
source = "registry+https://github.com/rust-lang/crates.io-index"
checksum = "49f1f14873335454500d59611f1cf4a4b0f786f9ac11f4312a78e4cf2566695b"

[[package]]
name = "js-sys"
version = "0.3.70"
source = "registry+https://github.com/rust-lang/crates.io-index"
checksum = "1868808506b929d7b0cfa8f75951347aa71bb21144b7791bae35d9bccfcfe37a"
dependencies = [
 "wasm-bindgen",
]

[[package]]
name = "lazy_static"
version = "1.4.0"
source = "registry+https://github.com/rust-lang/crates.io-index"
checksum = "e2abad23fbc42b3700f2f279844dc832adb2b2eb069b2df918f455c4e18cc646"
dependencies = [
 "spin",
]

[[package]]
name = "libc"
version = "0.2.159"
source = "registry+https://github.com/rust-lang/crates.io-index"
checksum = "561d97a539a36e26a9a5fad1ea11a3039a67714694aaa379433e580854bc3dc5"

[[package]]
name = "libm"
version = "0.2.8"
source = "registry+https://github.com/rust-lang/crates.io-index"
checksum = "4ec2a862134d2a7d32d7983ddcdd1c4923530833c9f2ea1a44fc5fa473989058"

[[package]]
name = "lock_api"
version = "0.4.12"
source = "registry+https://github.com/rust-lang/crates.io-index"
checksum = "07af8b9cdd281b7915f413fa73f29ebd5d55d0d3f0155584dade1ff18cea1b17"
dependencies = [
 "autocfg",
 "scopeguard",
]

[[package]]
name = "log"
version = "0.4.17"
source = "registry+https://github.com/rust-lang/crates.io-index"
checksum = "abb12e687cfb44aa40f41fc3978ef76448f9b6038cad6aef4259d3c095a2382e"
dependencies = [
 "cfg-if",
]

[[package]]
name = "memchr"
version = "2.7.4"
source = "registry+https://github.com/rust-lang/crates.io-index"
checksum = "78ca9ab1a0babb1e7d5695e3530886289c18cf2f87ec19a575a0abdce112e3a3"

[[package]]
name = "minicov"
version = "0.3.5"
source = "registry+https://github.com/rust-lang/crates.io-index"
checksum = "5c71e683cd655513b99affab7d317deb690528255a0d5f717f1024093c12b169"
dependencies = [
 "cc",
 "walkdir",
]

[[package]]
name = "num-bigint"
version = "0.4.3"
source = "registry+https://github.com/rust-lang/crates.io-index"
checksum = "f93ab6289c7b344a8a9f60f88d80aa20032336fe78da341afc91c8a2341fc75f"
dependencies = [
 "autocfg",
 "num-integer",
 "num-traits",
]

[[package]]
name = "num-bigint-dig"
version = "0.8.4"
source = "registry+https://github.com/rust-lang/crates.io-index"
checksum = "dc84195820f291c7697304f3cbdadd1cb7199c0efc917ff5eafd71225c136151"
dependencies = [
 "byteorder",
 "lazy_static",
 "libm",
 "num-integer",
 "num-iter",
 "num-traits",
 "rand",
 "smallvec",
 "zeroize",
]

[[package]]
name = "num-integer"
version = "0.1.45"
source = "registry+https://github.com/rust-lang/crates.io-index"
checksum = "225d3389fb3509a24c93f5c29eb6bde2586b98d9f016636dff58d7c6f7569cd9"
dependencies = [
 "autocfg",
 "num-traits",
]

[[package]]
name = "num-iter"
version = "0.1.44"
source = "registry+https://github.com/rust-lang/crates.io-index"
checksum = "d869c01cc0c455284163fd0092f1f93835385ccab5a98a0dcc497b2f8bf055a9"
dependencies = [
 "autocfg",
 "num-integer",
 "num-traits",
]

[[package]]
name = "num-traits"
version = "0.2.15"
source = "registry+https://github.com/rust-lang/crates.io-index"
checksum = "578ede34cf02f8924ab9447f50c28075b4d3e5b269972345e7e0372b38c6cdcd"
dependencies = [
 "autocfg",
 "libm",
]

[[package]]
name = "once_cell"
version = "1.19.0"
source = "registry+https://github.com/rust-lang/crates.io-index"
checksum = "3fdb12b2476b595f9358c5161aa467c2438859caa136dec86c26fdd2efe17b92"

[[package]]
name = "parking_lot"
version = "0.12.1"
source = "registry+https://github.com/rust-lang/crates.io-index"
checksum = "3742b2c103b9f06bc9fff0a37ff4912935851bee6d36f3c02bcc755bcfec228f"
dependencies = [
 "lock_api",
 "parking_lot_core",
]

[[package]]
name = "parking_lot_core"
version = "0.9.10"
source = "registry+https://github.com/rust-lang/crates.io-index"
checksum = "1e401f977ab385c9e4e3ab30627d6f26d00e2c73eef317493c4ec6d468726cf8"
dependencies = [
 "cfg-if",
 "libc",
 "redox_syscall",
 "smallvec",
 "windows-targets",
]

[[package]]
name = "pem-rfc7468"
version = "0.6.0"
source = "registry+https://github.com/rust-lang/crates.io-index"
checksum = "24d159833a9105500e0398934e205e0773f0b27529557134ecfc51c27646adac"
dependencies = [
 "base64ct",
]

[[package]]
name = "pin-project-lite"
version = "0.2.14"
source = "registry+https://github.com/rust-lang/crates.io-index"
checksum = "bda66fc9667c18cb2758a2ac84d1167245054bcf85d5d1aaa6923f45801bdd02"

[[package]]
name = "pin-utils"
version = "0.1.0"
source = "registry+https://github.com/rust-lang/crates.io-index"
checksum = "8b870d8c151b6f2fb93e84a13146138f05d02ed11c7e7c54f8826aaaf7c9f184"

[[package]]
name = "pkcs1"
version = "0.4.1"
source = "registry+https://github.com/rust-lang/crates.io-index"
checksum = "eff33bdbdfc54cc98a2eca766ebdec3e1b8fb7387523d5c9c9a2891da856f719"
dependencies = [
 "der",
 "pkcs8",
 "spki",
 "zeroize",
]

[[package]]
name = "pkcs8"
version = "0.9.0"
source = "registry+https://github.com/rust-lang/crates.io-index"
checksum = "9eca2c590a5f85da82668fa685c09ce2888b9430e83299debf1f34b65fd4a4ba"
dependencies = [
 "der",
 "spki",
]

[[package]]
name = "ppv-lite86"
version = "0.2.20"
source = "registry+https://github.com/rust-lang/crates.io-index"
checksum = "77957b295656769bb8ad2b6a6b09d897d94f05c41b069aede1fcdaa675eaea04"
dependencies = [
 "zerocopy",
]

[[package]]
name = "proc-macro2"
version = "1.0.86"
source = "registry+https://github.com/rust-lang/crates.io-index"
checksum = "5e719e8df665df0d1c8fbfd238015744736151d4445ec0836b8e628aae103b77"
dependencies = [
 "unicode-ident",
]

[[package]]
name = "quote"
version = "1.0.37"
source = "registry+https://github.com/rust-lang/crates.io-index"
checksum = "b5b9d34b8991d19d98081b46eacdd8eb58c6f2b201139f7c5f643cc155a633af"
dependencies = [
 "proc-macro2",
]

[[package]]
name = "rand"
version = "0.8.5"
source = "registry+https://github.com/rust-lang/crates.io-index"
checksum = "34af8d1a0e25924bc5b7c43c079c942339d8f0a8b57c39049bef581b46327404"
dependencies = [
 "libc",
 "rand_chacha",
 "rand_core",
]

[[package]]
name = "rand_chacha"
version = "0.3.1"
source = "registry+https://github.com/rust-lang/crates.io-index"
checksum = "e6c10a63a0fa32252be49d21e7709d4d4baf8d231c2dbce1eaa8141b9b127d88"
dependencies = [
 "ppv-lite86",
 "rand_core",
]

[[package]]
name = "rand_core"
version = "0.6.4"
source = "registry+https://github.com/rust-lang/crates.io-index"
checksum = "ec0be4795e2f6a28069bec0b5ff3e2ac9bafc99e6a9a7dc3547996c5c816922c"
dependencies = [
 "getrandom",
]

[[package]]
name = "redox_syscall"
version = "0.5.6"
source = "registry+https://github.com/rust-lang/crates.io-index"
checksum = "355ae415ccd3a04315d3f8246e86d67689ea74d88d915576e1589a351062a13b"
dependencies = [
 "bitflags",
]

[[package]]
name = "regex"
version = "1.9.3"
source = "registry+https://github.com/rust-lang/crates.io-index"
checksum = "81bc1d4caf89fac26a70747fe603c130093b53c773888797a6329091246d651a"
dependencies = [
 "aho-corasick",
 "memchr",
 "regex-automata",
 "regex-syntax",
]

[[package]]
name = "regex-automata"
version = "0.3.9"
source = "registry+https://github.com/rust-lang/crates.io-index"
checksum = "59b23e92ee4318893fa3fe3e6fb365258efbfe6ac6ab30f090cdcbb7aa37efa9"
dependencies = [
 "aho-corasick",
 "memchr",
 "regex-syntax",
]

[[package]]
name = "regex-syntax"
version = "0.7.5"
source = "registry+https://github.com/rust-lang/crates.io-index"
checksum = "dbb5fb1acd8a1a18b3dd5be62d25485eb770e05afb408a9627d14d451bae12da"

[[package]]
name = "rsa"
version = "0.7.2"
source = "registry+https://github.com/rust-lang/crates.io-index"
checksum = "094052d5470cbcef561cb848a7209968c9f12dfa6d668f4bca048ac5de51099c"
dependencies = [
 "byteorder",
 "digest",
 "num-bigint-dig",
 "num-integer",
 "num-iter",
 "num-traits",
 "pkcs1",
 "pkcs8",
 "rand_core",
 "signature",
 "smallvec",
 "subtle",
 "zeroize",
]

[[package]]
name = "ryu"
version = "1.0.18"
source = "registry+https://github.com/rust-lang/crates.io-index"
checksum = "f3cb5ba0dc43242ce17de99c180e96db90b235b8a9fdc9543c96d2209116bd9f"

[[package]]
name = "same-file"
version = "1.0.6"
source = "registry+https://github.com/rust-lang/crates.io-index"
checksum = "93fc1dc3aaa9bfed95e02e6eadabb4baf7e3078b0bd1b4d7b6b0b68378900502"
dependencies = [
 "winapi-util",
]

[[package]]
name = "scoped-tls"
version = "1.0.1"
source = "registry+https://github.com/rust-lang/crates.io-index"
checksum = "e1cf6437eb19a8f4a6cc0f7dca544973b0b78843adbfeb3683d1a94a0024a294"

[[package]]
name = "scopeguard"
version = "1.2.0"
source = "registry+https://github.com/rust-lang/crates.io-index"
checksum = "94143f37725109f92c262ed2cf5e59bce7498c01bcc1502d7b9afe439a4e9f49"

[[package]]
name = "secp256k1"
version = "0.24.3"
source = "registry+https://github.com/rust-lang/crates.io-index"
checksum = "6b1629c9c557ef9b293568b338dddfc8208c98a18c59d722a9d53f859d9c9b62"
dependencies = [
 "bitcoin_hashes",
 "rand",
 "secp256k1-sys",
]

[[package]]
name = "secp256k1-sys"
version = "0.6.1"
source = "registry+https://github.com/rust-lang/crates.io-index"
checksum = "83080e2c2fc1006e625be82e5d1eb6a43b7fd9578b617fcc55814daf286bba4b"
dependencies = [
 "cc",
]

[[package]]
name = "serde"
version = "1.0.147"
source = "registry+https://github.com/rust-lang/crates.io-index"
checksum = "d193d69bae983fc11a79df82342761dfbf28a99fc8d203dca4c3c1b590948965"
dependencies = [
 "serde_derive",
]

[[package]]
name = "serde-wasm-bindgen"
version = "0.3.1"
source = "registry+https://github.com/rust-lang/crates.io-index"
checksum = "618365e8e586c22123d692b72a7d791d5ee697817b65a218cdf12a98870af0f7"
dependencies = [
 "fnv",
 "js-sys",
 "serde",
 "wasm-bindgen",
]

[[package]]
name = "serde_derive"
version = "1.0.147"
source = "registry+https://github.com/rust-lang/crates.io-index"
checksum = "4f1d362ca8fc9c3e3a7484440752472d68a6caa98f1ab81d99b5dfe517cec852"
dependencies = [
 "proc-macro2",
 "quote",
 "syn 1.0.109",
]

[[package]]
name = "serde_json"
version = "1.0.89"
source = "registry+https://github.com/rust-lang/crates.io-index"
checksum = "020ff22c755c2ed3f8cf162dbb41a7268d934702f3ed3631656ea597e08fc3db"
dependencies = [
 "itoa",
 "ryu",
 "serde",
]

[[package]]
name = "sha1"
version = "0.6.1"
source = "registry+https://github.com/rust-lang/crates.io-index"
checksum = "c1da05c97445caa12d05e848c4a4fcbbea29e748ac28f7e80e9b010392063770"
dependencies = [
 "sha1_smol",
]

[[package]]
name = "sha1_smol"
version = "1.0.1"
source = "registry+https://github.com/rust-lang/crates.io-index"
checksum = "bbfa15b3dddfee50a0fff136974b3e1bde555604ba463834a7eb7deb6417705d"

[[package]]
name = "shlex"
version = "1.3.0"
source = "registry+https://github.com/rust-lang/crates.io-index"
checksum = "0fda2ff0d084019ba4d7c6f371c95d8fd75ce3524c3cb8fb653a3023f6323e64"

[[package]]
name = "signature"
version = "1.6.4"
source = "registry+https://github.com/rust-lang/crates.io-index"
checksum = "74233d3b3b2f6d4b006dc19dee745e73e2a6bfb6f93607cd3b02bd5b00797d7c"
dependencies = [
 "digest",
 "rand_core",
]

[[package]]
name = "slab"
version = "0.4.9"
source = "registry+https://github.com/rust-lang/crates.io-index"
checksum = "8f92a496fb766b417c996b9c5e57daf2f7ad3b0bebe1ccfca4856390e3d3bb67"
dependencies = [
 "autocfg",
]

[[package]]
name = "smallvec"
version = "1.13.2"
source = "registry+https://github.com/rust-lang/crates.io-index"
checksum = "3c5e1a9a646d36c3599cd173a41282daf47c44583ad367b8e6837255952e5c67"

[[package]]
name = "spin"
version = "0.5.2"
source = "registry+https://github.com/rust-lang/crates.io-index"
checksum = "6e63cff320ae2c57904679ba7cb63280a3dc4613885beafb148ee7bf9aa9042d"

[[package]]
name = "spki"
version = "0.6.0"
source = "registry+https://github.com/rust-lang/crates.io-index"
checksum = "67cf02bbac7a337dc36e4f5a693db6c21e7863f45070f7064577eb4367a3212b"
dependencies = [
 "base64ct",
 "der",
]

[[package]]
name = "subtle"
version = "2.6.1"
source = "registry+https://github.com/rust-lang/crates.io-index"
checksum = "13c2bddecc57b384dee18652358fb23172facb8a2c51ccc10d74c157bdea3292"

[[package]]
name = "syn"
version = "1.0.109"
source = "registry+https://github.com/rust-lang/crates.io-index"
checksum = "72b64191b275b66ffe2469e8af2c1cfe3bafa67b529ead792a6d0160888b4237"
dependencies = [
 "proc-macro2",
 "quote",
 "unicode-ident",
]

[[package]]
name = "syn"
version = "2.0.77"
source = "registry+https://github.com/rust-lang/crates.io-index"
checksum = "9f35bcdf61fd8e7be6caf75f429fdca8beb3ed76584befb503b1569faee373ed"
dependencies = [
 "proc-macro2",
 "quote",
 "unicode-ident",
]

[[package]]
name = "thiserror"
version = "1.0.56"
source = "registry+https://github.com/rust-lang/crates.io-index"
checksum = "d54378c645627613241d077a3a79db965db602882668f9136ac42af9ecb730ad"
dependencies = [
 "thiserror-impl",
]

[[package]]
name = "thiserror-impl"
version = "1.0.56"
source = "registry+https://github.com/rust-lang/crates.io-index"
checksum = "fa0faa943b50f3db30a20aa7e265dbc66076993efed8463e8de414e5d06d3471"
dependencies = [
 "proc-macro2",
 "quote",
 "syn 2.0.77",
]

[[package]]
name = "typenum"
version = "1.17.0"
source = "registry+https://github.com/rust-lang/crates.io-index"
checksum = "42ff0bf0c66b8238c6f3b578df37d0b7848e55df8577b3f74f92a69acceeb825"

[[package]]
name = "unicode-ident"
version = "1.0.13"
source = "registry+https://github.com/rust-lang/crates.io-index"
checksum = "e91b56cd4cadaeb79bbf1a5645f6b4f8dc5bde8834ad5894a8db35fda9efa1fe"

[[package]]
name = "version_check"
version = "0.9.5"
source = "registry+https://github.com/rust-lang/crates.io-index"
checksum = "0b928f33d975fc6ad9f86c8f283853ad26bdd5b10b7f1542aa2fa15e2289105a"

[[package]]
name = "walkdir"
version = "2.5.0"
source = "registry+https://github.com/rust-lang/crates.io-index"
checksum = "29790946404f91d9c5d06f9874efddea1dc06c5efe94541a7d6863108e3a5e4b"
dependencies = [
 "same-file",
 "winapi-util",
]

[[package]]
name = "wasi"
version = "0.11.0+wasi-snapshot-preview1"
source = "registry+https://github.com/rust-lang/crates.io-index"
checksum = "9c8d87e72b64a3b4db28d11ce29237c246188f4f51057d65a7eab63b7987e423"

[[package]]
name = "wasm-bindgen"
version = "0.2.93"
source = "registry+https://github.com/rust-lang/crates.io-index"
checksum = "a82edfc16a6c469f5f44dc7b571814045d60404b55a0ee849f9bcfa2e63dd9b5"
dependencies = [
 "cfg-if",
 "once_cell",
 "serde",
 "serde_json",
 "wasm-bindgen-macro",
]

[[package]]
name = "wasm-bindgen-backend"
version = "0.2.93"
source = "registry+https://github.com/rust-lang/crates.io-index"
checksum = "9de396da306523044d3302746f1208fa71d7532227f15e347e2d93e4145dd77b"
dependencies = [
 "bumpalo",
 "log",
 "once_cell",
 "proc-macro2",
 "quote",
 "syn 2.0.77",
 "wasm-bindgen-shared",
]

[[package]]
name = "wasm-bindgen-futures"
version = "0.4.43"
source = "registry+https://github.com/rust-lang/crates.io-index"
checksum = "61e9300f63a621e96ed275155c108eb6f843b6a26d053f122ab69724559dc8ed"
dependencies = [
 "cfg-if",
 "js-sys",
 "wasm-bindgen",
 "web-sys",
]

[[package]]
name = "wasm-bindgen-macro"
version = "0.2.93"
source = "registry+https://github.com/rust-lang/crates.io-index"
checksum = "585c4c91a46b072c92e908d99cb1dcdf95c5218eeb6f3bf1efa991ee7a68cccf"
dependencies = [
 "quote",
 "wasm-bindgen-macro-support",
]

[[package]]
name = "wasm-bindgen-macro-support"
version = "0.2.93"
source = "registry+https://github.com/rust-lang/crates.io-index"
checksum = "afc340c74d9005395cf9dd098506f7f44e38f2b4a21c6aaacf9a105ea5e1e836"
dependencies = [
 "proc-macro2",
 "quote",
 "syn 2.0.77",
 "wasm-bindgen-backend",
 "wasm-bindgen-shared",
]

[[package]]
name = "wasm-bindgen-shared"
version = "0.2.93"
source = "registry+https://github.com/rust-lang/crates.io-index"
checksum = "c62a0a307cb4a311d3a07867860911ca130c3494e8c2719593806c08bc5d0484"

[[package]]
name = "wasm-bindgen-test"
version = "0.3.43"
source = "registry+https://github.com/rust-lang/crates.io-index"
checksum = "68497a05fb21143a08a7d24fc81763384a3072ee43c44e86aad1744d6adef9d9"
dependencies = [
 "console_error_panic_hook",
 "js-sys",
 "minicov",
 "scoped-tls",
 "wasm-bindgen",
 "wasm-bindgen-futures",
 "wasm-bindgen-test-macro",
]

[[package]]
name = "wasm-bindgen-test-macro"
version = "0.3.43"
source = "registry+https://github.com/rust-lang/crates.io-index"
checksum = "4b8220be1fa9e4c889b30fd207d4906657e7e90b12e0e6b0c8b8d8709f5de021"
dependencies = [
 "proc-macro2",
 "quote",
 "syn 2.0.77",
]

[[package]]
name = "web-sys"
version = "0.3.70"
source = "registry+https://github.com/rust-lang/crates.io-index"
checksum = "26fdeaafd9bd129f65e7c031593c24d62186301e0c72c8978fa1678be7d532c0"
dependencies = [
 "js-sys",
 "wasm-bindgen",
]

[[package]]
name = "winapi-util"
version = "0.1.9"
source = "registry+https://github.com/rust-lang/crates.io-index"
checksum = "cf221c93e13a30d793f7645a0e7762c55d169dbb0a49671918a2319d289b10bb"
dependencies = [
 "windows-sys",
]

[[package]]
name = "windows-sys"
version = "0.59.0"
source = "registry+https://github.com/rust-lang/crates.io-index"
checksum = "1e38bc4d79ed67fd075bcc251a1c39b32a1776bbe92e5bef1f0bf1f8c531853b"
dependencies = [
 "windows-targets",
]

[[package]]
name = "windows-targets"
version = "0.52.6"
source = "registry+https://github.com/rust-lang/crates.io-index"
checksum = "9b724f72796e036ab90c1021d4780d4d3d648aca59e491e6b98e725b84e99973"
dependencies = [
 "windows_aarch64_gnullvm",
 "windows_aarch64_msvc",
 "windows_i686_gnu",
 "windows_i686_gnullvm",
 "windows_i686_msvc",
 "windows_x86_64_gnu",
 "windows_x86_64_gnullvm",
 "windows_x86_64_msvc",
]

[[package]]
name = "windows_aarch64_gnullvm"
version = "0.52.6"
source = "registry+https://github.com/rust-lang/crates.io-index"
checksum = "32a4622180e7a0ec044bb555404c800bc9fd9ec262ec147edd5989ccd0c02cd3"

[[package]]
name = "windows_aarch64_msvc"
version = "0.52.6"
source = "registry+https://github.com/rust-lang/crates.io-index"
checksum = "09ec2a7bb152e2252b53fa7803150007879548bc709c039df7627cabbd05d469"

[[package]]
name = "windows_i686_gnu"
version = "0.52.6"
source = "registry+https://github.com/rust-lang/crates.io-index"
checksum = "8e9b5ad5ab802e97eb8e295ac6720e509ee4c243f69d781394014ebfe8bbfa0b"

[[package]]
name = "windows_i686_gnullvm"
version = "0.52.6"
source = "registry+https://github.com/rust-lang/crates.io-index"
checksum = "0eee52d38c090b3caa76c563b86c3a4bd71ef1a819287c19d586d7334ae8ed66"

[[package]]
name = "windows_i686_msvc"
version = "0.52.6"
source = "registry+https://github.com/rust-lang/crates.io-index"
checksum = "240948bc05c5e7c6dabba28bf89d89ffce3e303022809e73deaefe4f6ec56c66"

[[package]]
name = "windows_x86_64_gnu"
version = "0.52.6"
source = "registry+https://github.com/rust-lang/crates.io-index"
checksum = "147a5c80aabfbf0c7d901cb5895d1de30ef2907eb21fbbab29ca94c5b08b1a78"

[[package]]
name = "windows_x86_64_gnullvm"
version = "0.52.6"
source = "registry+https://github.com/rust-lang/crates.io-index"
checksum = "24d5b23dc417412679681396f2b49f3de8c1473deb516bd34410872eff51ed0d"

[[package]]
name = "windows_x86_64_msvc"
version = "0.52.6"
source = "registry+https://github.com/rust-lang/crates.io-index"
checksum = "589f6da84c646204747d1270a2a5661ea66ed1cced2631d546fdfb155959f9ec"

[[package]]
name = "zerocopy"
version = "0.7.35"
source = "registry+https://github.com/rust-lang/crates.io-index"
checksum = "1b9b4fd18abc82b8136838da5d50bae7bdea537c574d8dc1a34ed098d6c166f0"
dependencies = [
 "byteorder",
 "zerocopy-derive",
]

[[package]]
name = "zerocopy-derive"
version = "0.7.35"
source = "registry+https://github.com/rust-lang/crates.io-index"
checksum = "fa4f8080344d4671fb4e831a13ad1e68092748387dfc4f55e356242fae12ce3e"
dependencies = [
 "proc-macro2",
 "quote",
 "syn 2.0.77",
]

[[package]]
name = "zeroize"
version = "1.8.1"
source = "registry+https://github.com/rust-lang/crates.io-index"
checksum = "ced3678a2879b30306d323f4542626697a464a97c0a07c9aebf7ebca65cd4dde"
